
Microsoft Visual Studio Solution File, Format Version 12.00
# Visual Studio Version 17
VisualStudioVersion = 17.3.32825.248
MinimumVisualStudioVersion = 10.0.40219.1
Project("{FAE04EC0-301F-11D3-BF4B-00C04F79EFBC}") = "Modul8.project2", "Modul8.project2.csproj", "{B4738C11-3A91-49F2-B4F3-586FD73BE31A}"
EndProject
Global
	GlobalSection(SolutionConfigurationPlatforms) = preSolution
		Debug|Any CPU = Debug|Any CPU
		Release|Any CPU = Release|Any CPU
	EndGlobalSection
	GlobalSection(ProjectConfigurationPlatforms) = postSolution
		{B4738C11-3A91-49F2-B4F3-586FD73BE31A}.Debug|Any CPU.ActiveCfg = Debug|Any CPU
		{B4738C11-3A91-49F2-B4F3-586FD73BE31A}.Debug|Any CPU.Build.0 = Debug|Any CPU
		{B4738C11-3A91-49F2-B4F3-586FD73BE31A}.Release|Any CPU.ActiveCfg = Release|Any CPU
		{B4738C11-3A91-49F2-B4F3-586FD73BE31A}.Release|Any CPU.Build.0 = Release|Any CPU
	EndGlobalSection
	GlobalSection(SolutionProperties) = preSolution
		HideSolutionNode = FALSE
	EndGlobalSection
	GlobalSection(ExtensibilityGlobals) = postSolution
		SolutionGuid = {CB12D927-3232-4CA3-A007-4BA6685537EB}
	EndGlobalSection
EndGlobal
